
Microsoft Visual Studio Solution File, Format Version 12.00
# Visual Studio 14
VisualStudioVersion = 14.0.23107.0
MinimumVisualStudioVersion = 10.0.40219.1
Project("{FAE04EC0-301F-11D3-BF4B-00C04F79EFBC}") = "IHSFramework", "IHSFramework\IHSFramework.csproj", "{2E5D523D-C248-4806-9579-9504DBEA2E1E}"
EndProject
Project("{FAE04EC0-301F-11D3-BF4B-00C04F79EFBC}") = "EAProject", "EAProject\EAProject.csproj", "{0C21EC47-4C06-446D-ACE8-F3DD14E384F1}"
EndProject
Global
	GlobalSection(SolutionConfigurationPlatforms) = preSolution
		Debug|Any CPU = Debug|Any CPU
		Release|Any CPU = Release|Any CPU
	EndGlobalSection
	GlobalSection(ProjectConfigurationPlatforms) = postSolution
		{2E5D523D-C248-4806-9579-9504DBEA2E1E}.Debug|Any CPU.ActiveCfg = Debug|Any CPU
		{2E5D523D-C248-4806-9579-9504DBEA2E1E}.Debug|Any CPU.Build.0 = Debug|Any CPU
		{2E5D523D-C248-4806-9579-9504DBEA2E1E}.Release|Any CPU.ActiveCfg = Release|Any CPU
		{2E5D523D-C248-4806-9579-9504DBEA2E1E}.Release|Any CPU.Build.0 = Release|Any CPU
		{0C21EC47-4C06-446D-ACE8-F3DD14E384F1}.Debug|Any CPU.ActiveCfg = Debug|Any CPU
		{0C21EC47-4C06-446D-ACE8-F3DD14E384F1}.Debug|Any CPU.Build.0 = Debug|Any CPU
		{0C21EC47-4C06-446D-ACE8-F3DD14E384F1}.Release|Any CPU.ActiveCfg = Release|Any CPU
		{0C21EC47-4C06-446D-ACE8-F3DD14E384F1}.Release|Any CPU.Build.0 = Release|Any CPU
	EndGlobalSection
	GlobalSection(SolutionProperties) = preSolution
		HideSolutionNode = FALSE
	EndGlobalSection
EndGlobal
